// !$*UTF8*$!
{
	archiveVersion = 1;
	classes = {
	};
	objectVersion = 50;
	objects = {

/* Begin PBXBuildFile section */
		416203A7269DF74E0060ABBC /* AppDelegate.swift in Sources */ = {isa = PBXBuildFile; fileRef = 416203A6269DF74E0060ABBC /* AppDelegate.swift */; };
		416203A9269DF74E0060ABBC /* SceneDelegate.swift in Sources */ = {isa = PBXBuildFile; fileRef = 416203A8269DF74E0060ABBC /* SceneDelegate.swift */; };
		416203AE269DF74E0060ABBC /* Main.storyboard in Resources */ = {isa = PBXBuildFile; fileRef = 416203AC269DF74E0060ABBC /* Main.storyboard */; };
		416203B0269DF7500060ABBC /* Assets.xcassets in Resources */ = {isa = PBXBuildFile; fileRef = 416203AF269DF7500060ABBC /* Assets.xcassets */; };
		416203B3269DF7500060ABBC /* LaunchScreen.storyboard in Resources */ = {isa = PBXBuildFile; fileRef = 416203B1269DF7500060ABBC /* LaunchScreen.storyboard */; };
		416203BD269DF7880060ABBC /* HomeVC.swift in Sources */ = {isa = PBXBuildFile; fileRef = 416203BC269DF7880060ABBC /* HomeVC.swift */; };
		416203BF269DF7960060ABBC /* DiscoverVC.swift in Sources */ = {isa = PBXBuildFile; fileRef = 416203BE269DF7960060ABBC /* DiscoverVC.swift */; };
		416203C1269DF7A30060ABBC /* SavedVC.swift in Sources */ = {isa = PBXBuildFile; fileRef = 416203C0269DF7A30060ABBC /* SavedVC.swift */; };
/* End PBXBuildFile section */

/* Begin PBXFileReference section */
		416203A3269DF74E0060ABBC /* TabBarApp.app */ = {isa = PBXFileReference; explicitFileType = wrapper.application; includeInIndex = 0; path = TabBarApp.app; sourceTree = BUILT_PRODUCTS_DIR; };
		416203A6269DF74E0060ABBC /* AppDelegate.swift */ = {isa = PBXFileReference; lastKnownFileType = sourcecode.swift; path = AppDelegate.swift; sourceTree = "<group>"; };
		416203A8269DF74E0060ABBC /* SceneDelegate.swift */ = {isa = PBXFileReference; lastKnownFileType = sourcecode.swift; path = SceneDelegate.swift; sourceTree = "<group>"; };
		416203AD269DF74E0060ABBC /* Base */ = {isa = PBXFileReference; lastKnownFileType = file.storyboard; name = Base; path = Base.lproj/Main.storyboard; sourceTree = "<group>"; };
		416203AF269DF7500060ABBC /* Assets.xcassets */ = {isa = PBXFileReference; lastKnownFileType = folder.assetcatalog; path = Assets.xcassets; sourceTree = "<group>"; };
		416203B2269DF7500060ABBC /* Base */ = {isa = PBXFileReference; lastKnownFileType = file.storyboard; name = Base; path = Base.lproj/LaunchScreen.storyboard; sourceTree = "<group>"; };
		416203B4269DF7500060ABBC /* Info.plist */ = {isa = PBXFileReference; lastKnownFileType = text.plist.xml; path = Info.plist; sourceTree = "<group>"; };
		416203BC269DF7880060ABBC /* HomeVC.swift */ = {isa = PBXFileReference; lastKnownFileType = sourcecode.swift; path = HomeVC.swift; sourceTree = "<group>"; };
		416203BE269DF7960060ABBC /* DiscoverVC.swift */ = {isa = PBXFileReference; lastKnownFileType = sourcecode.swift; path = DiscoverVC.swift; sourceTree = "<group>"; };
		416203C0269DF7A30060ABBC /* SavedVC.swift */ = {isa = PBXFileReference; lastKnownFileType = sourcecode.swift; path = SavedVC.swift; sourceTree = "<group>"; };
/* End PBXFileReference section */

/* Begin PBXFrameworksBuildPhase section */
		416203A0269DF74E0060ABBC /* Frameworks */ = {
			isa = PBXFrameworksBuildPhase;
			buildActionMask = 2147483647;
			files = (
			);
			runOnlyForDeploymentPostprocessing = 0;
		};
/* End PBXFrameworksBuildPhase section */

/* Begin PBXGroup section */
		4162039A269DF74E0060ABBC = {
			isa = PBXGroup;
			children = (
				416203A5269DF74E0060ABBC /* TabBarApp */,
				416203A4269DF74E0060ABBC /* Products */,
			);
			sourceTree = "<group>";
		};
		416203A4269DF74E0060ABBC /* Products */ = {
			isa = PBXGroup;
			children = (
				416203A3269DF74E0060ABBC /* TabBarApp.app */,
			);
			name = Products;
			sourceTree = "<group>";
		};
		416203A5269DF74E0060ABBC /* TabBarApp */ = {
			isa = PBXGroup;
			children = (
				416203BB269DF76C0060ABBC /* Controllers */,
				416203BA269DF7650060ABBC /* Views */,
				416203A6269DF74E0060ABBC /* AppDelegate.swift */,
				416203A8269DF74E0060ABBC /* SceneDelegate.swift */,
				416203AF269DF7500060ABBC /* Assets.xcassets */,
				416203B4269DF7500060ABBC /* Info.plist */,
			);
			path = TabBarApp;
			sourceTree = "<group>";
		};
		416203BA269DF7650060ABBC /* Views */ = {
			isa = PBXGroup;
			children = (
				416203AC269DF74E0060ABBC /* Main.storyboard */,
				416203B1269DF7500060ABBC /* LaunchScreen.storyboard */,
			);
			path = Views;
			sourceTree = "<group>";
		};
		416203BB269DF76C0060ABBC /* Controllers */ = {
			isa = PBXGroup;
			children = (
				416203BC269DF7880060ABBC /* HomeVC.swift */,
				416203BE269DF7960060ABBC /* DiscoverVC.swift */,
				416203C0269DF7A30060ABBC /* SavedVC.swift */,
			);
			path = Controllers;
			sourceTree = "<group>";
		};
/* End PBXGroup section */

/* Begin PBXNativeTarget section */
		416203A2269DF74E0060ABBC /* TabBarApp */ = {
			isa = PBXNativeTarget;
			buildConfigurationList = 416203B7269DF7500060ABBC /* Build configuration list for PBXNativeTarget "TabBarApp" */;
			buildPhases = (
				4162039F269DF74E0060ABBC /* Sources */,
				416203A0269DF74E0060ABBC /* Frameworks */,
				416203A1269DF74E0060ABBC /* Resources */,
			);
			buildRules = (
			);
			dependencies = (
			);
			name = TabBarApp;
			productName = TabBarApp;
			productReference = 416203A3269DF74E0060ABBC /* TabBarApp.app */;
			productType = "com.apple.product-type.application";
		};
/* End PBXNativeTarget section */

/* Begin PBXProject section */
		4162039B269DF74E0060ABBC /* Project object */ = {
			isa = PBXProject;
			attributes = {
				LastSwiftUpdateCheck = 1250;
				LastUpgradeCheck = 1250;
				TargetAttributes = {
					416203A2269DF74E0060ABBC = {
						CreatedOnToolsVersion = 12.5;
					};
				};
			};
			buildConfigurationList = 4162039E269DF74E0060ABBC /* Build configuration list for PBXProject "TabBarApp" */;
			compatibilityVersion = "Xcode 9.3";
			developmentRegion = en;
			hasScannedForEncodings = 0;
			knownRegions = (
				en,
				Base,
			);
			mainGroup = 4162039A269DF74E0060ABBC;
			productRefGroup = 416203A4269DF74E0060ABBC /* Products */;
			projectDirPath = "";
			projectRoot = "";
			targets = (
				416203A2269DF74E0060ABBC /* TabBarApp */,
			);
		};
/* End PBXProject section */

/* Begin PBXResourcesBuildPhase section */
		416203A1269DF74E0060ABBC /* Resources */ = {
			isa = PBXResourcesBuildPhase;
			buildActionMask = 2147483647;
			files = (
				416203B3269DF7500060ABBC /* LaunchScreen.storyboard in Resources */,
				416203B0269DF7500060ABBC /* Assets.xcassets in Resources */,
				416203AE269DF74E0060ABBC /* Main.storyboard in Resources */,
			);
			runOnlyForDeploymentPostprocessing = 0;
		};
/* End PBXResourcesBuildPhase section */

/* Begin PBXSourcesBuildPhase section */
		4162039F269DF74E0060ABBC /* Sources */ = {
			isa = PBXSourcesBuildPhase;
			buildActionMask = 2147483647;
			files = (
				416203C1269DF7A30060ABBC /* SavedVC.swift in Sources */,
				416203BD269DF7880060ABBC /* HomeVC.swift in Sources */,
				416203A7269DF74E0060ABBC /* AppDelegate.swift in Sources */,
				416203A9269DF74E0060ABBC /* SceneDelegate.swift in Sources */,
				416203BF269DF7960060ABBC /* DiscoverVC.swift in Sources */,
			);
			runOnlyForDeploymentPostprocessing = 0;
		};
/* End PBXSourcesBuildPhase section */

/* Begin PBXVariantGroup section */
		416203AC269DF74E0060ABBC /* Main.storyboard */ = {
			isa = PBXVariantGroup;
			children = (
				416203AD269DF74E0060ABBC /* Base */,
			);
			name = Main.storyboard;
			sourceTree = "<group>";
		};
		416203B1269DF7500060ABBC /* LaunchScreen.storyboard */ = {
			isa = PBXVariantGroup;
			children = (
				416203B2269DF7500060ABBC /* Base */,
			);
			name = LaunchScreen.storyboard;
			sourceTree = "<group>";
		};
/* End PBXVariantGroup section */

/* Begin XCBuildConfiguration section */
		416203B5269DF7500060ABBC /* Debug */ = {
			isa = XCBuildConfiguration;
			buildSettings = {
				ALWAYS_SEARCH_USER_PATHS = NO;
				CLANG_ANALYZER_NONNULL = YES;
				CLANG_ANALYZER_NUMBER_OBJECT_CONVERSION = YES_AGGRESSIVE;
				CLANG_CXX_LANGUAGE_STANDARD = "gnu++14";
				CLANG_CXX_LIBRARY = "libc++";
				CLANG_ENABLE_MODULES = YES;
				CLANG_ENABLE_OBJC_ARC = YES;
				CLANG_ENABLE_OBJC_WEAK = YES;
				CLANG_WARN_BLOCK_CAPTURE_AUTORELEASING = YES;
				CLANG_WARN_BOOL_CONVERSION = YES;
				CLANG_WARN_COMMA = YES;
				CLANG_WARN_CONSTANT_CONVERSION = YES;
				CLANG_WARN_DEPRECATED_OBJC_IMPLEMENTATIONS = YES;
				CLANG_WARN_DIRECT_OBJC_ISA_USAGE = YES_ERROR;
				CLANG_WARN_DOCUMENTATION_COMMENTS = YES;
				CLANG_WARN_EMPTY_BODY = YES;
				CLANG_WARN_ENUM_CONVERSION = YES;
				CLANG_WARN_INFINITE_RECURSION = YES;
				CLANG_WARN_INT_CONVERSION = YES;
				CLANG_WARN_NON_LITERAL_NULL_CONVERSION = YES;
				CLANG_WARN_OBJC_IMPLICIT_RETAIN_SELF = YES;
				CLANG_WARN_OBJC_LITERAL_CONVERSION = YES;
				CLANG_WARN_OBJC_ROOT_CLASS = YES_ERROR;
				CLANG_WARN_QUOTED_INCLUDE_IN_FRAMEWORK_HEADER = YES;
				CLANG_WARN_RANGE_LOOP_ANALYSIS = YES;
				CLANG_WARN_STRICT_PROTOTYPES = YES;
				CLANG_WARN_SUSPICIOUS_MOVE = YES;
				CLANG_WARN_UNGUARDED_AVAILABILITY = YES_AGGRESSIVE;
				CLANG_WARN_UNREACHABLE_CODE = YES;
				CLANG_WARN__DUPLICATE_METHOD_MATCH = YES;
				COPY_PHASE_STRIP = NO;
				DEBUG_INFORMATION_FORMAT = dwarf;
				ENABLE_STRICT_OBJC_MSGSEND = YES;
				ENABLE_TESTABILITY = YES;
				GCC_C_LANGUAGE_STANDARD = gnu11;
				GCC_DYNAMIC_NO_PIC = NO;
				GCC_NO_COMMON_BLOCKS = YES;
				GCC_OPTIMIZATION_LEVEL = 0;
				GCC_PREPROCESSOR_DEFINITIONS = (
					"DEBUG=1",
					"$(inherited)",
				);
				GCC_WARN_64_TO_32_BIT_CONVERSION = YES;
				GCC_WARN_ABOUT_RETURN_TYPE = YES_ERROR;
				GCC_WARN_UNDECLARED_SELECTOR = YES;
				GCC_WARN_UNINITIALIZED_AUTOS = YES_AGGRESSIVE;
				GCC_WARN_UNUSED_FUNCTION = YES;
				GCC_WARN_UNUSED_VARIABLE = YES;
				IPHONEOS_DEPLOYMENT_TARGET = 14.5;
				MTL_ENABLE_DEBUG_INFO = INCLUDE_SOURCE;
				MTL_FAST_MATH = YES;
				ONLY_ACTIVE_ARCH = YES;
				SDKROOT = iphoneos;
				SWIFT_ACTIVE_COMPILATION_CONDITIONS = DEBUG;
				SWIFT_OPTIMIZATION_LEVEL = "-Onone";
			};
			name = Debug;
		};
		416203B6269DF7500060ABBC /* Release */ = {
			isa = XCBuildConfiguration;
			buildSettings = {
				ALWAYS_SEARCH_USER_PATHS = NO;
				CLANG_ANALYZER_NONNULL = YES;
				CLANG_ANALYZER_NUMBER_OBJECT_CONVERSION = YES_AGGRESSIVE;
				CLANG_CXX_LANGUAGE_STANDARD = "gnu++14";
				CLANG_CXX_LIBRARY = "libc++";
				CLANG_ENABLE_MODULES = YES;
				CLANG_ENABLE_OBJC_ARC = YES;
				CLANG_ENABLE_OBJC_WEAK = YES;
				CLANG_WARN_BLOCK_CAPTURE_AUTORELEASING = YES;
				CLANG_WARN_BOOL_CONVERSION = YES;
				CLANG_WARN_COMMA = YES;
				CLANG_WARN_CONSTANT_CONVERSION = YES;
				CLANG_WARN_DEPRECATED_OBJC_IMPLEMENTATIONS = YES;
				CLANG_WARN_DIRECT_OBJC_ISA_USAGE = YES_ERROR;
				CLANG_WARN_DOCUMENTATION_COMMENTS = YES;
				CLANG_WARN_EMPTY_BODY = YES;
				CLANG_WARN_ENUM_CONVERSION = YES;
				CLANG_WARN_INFINITE_RECURSION = YES;
				CLANG_WARN_INT_CONVERSION = YES;
				CLANG_WARN_NON_LITERAL_NULL_CONVERSION = YES;
				CLANG_WARN_OBJC_IMPLICIT_RETAIN_SELF = YES;
				CLANG_WARN_OBJC_LITERAL_CONVERSION = YES;
				CLANG_WARN_OBJC_ROOT_CLASS = YES_ERROR;
				CLANG_WARN_QUOTED_INCLUDE_IN_FRAMEWORK_HEADER = YES;
				CLANG_WARN_RANGE_LOOP_ANALYSIS = YES;
				CLANG_WARN_STRICT_PROTOTYPES = YES;
				CLANG_WARN_SUSPICIOUS_MOVE = YES;
				CLANG_WARN_UNGUARDED_AVAILABILITY = YES_AGGRESSIVE;
				CLANG_WARN_UNREACHABLE_CODE = YES;
				CLANG_WARN__DUPLICATE_METHOD_MATCH = YES;
				COPY_PHASE_STRIP = NO;
				DEBUG_INFORMATION_FORMAT = "dwarf-with-dsym";
				ENABLE_NS_ASSERTIONS = NO;
				ENABLE_STRICT_OBJC_MSGSEND = YES;
				GCC_C_LANGUAGE_STANDARD = gnu11;
				GCC_NO_COMMON_BLOCKS = YES;
				GCC_WARN_64_TO_32_BIT_CONVERSION = YES;
				GCC_WARN_ABOUT_RETURN_TYPE = YES_ERROR;
				GCC_WARN_UNDECLARED_SELECTOR = YES;
				GCC_WARN_UNINITIALIZED_AUTOS = YES_AGGRESSIVE;
				GCC_WARN_UNUSED_FUNCTION = YES;
				GCC_WARN_UNUSED_VARIABLE = YES;
				IPHONEOS_DEPLOYMENT_TARGET = 14.5;
				MTL_ENABLE_DEBUG_INFO = NO;
				MTL_FAST_MATH = YES;
				SDKROOT = iphoneos;
				SWIFT_COMPILATION_MODE = wholemodule;
				SWIFT_OPTIMIZATION_LEVEL = "-O";
				VALIDATE_PRODUCT = YES;
			};
			name = Release;
		};
		416203B8269DF7500060ABBC /* Debug */ = {
			isa = XCBuildConfiguration;
			buildSettings = {
				ASSETCATALOG_COMPILER_APPICON_NAME = AppIcon;
				ASSETCATALOG_COMPILER_GLOBAL_ACCENT_COLOR_NAME = AccentColor;
				CODE_SIGN_STYLE = Automatic;
				DEVELOPMENT_TEAM = 5JPN6876WV;
				INFOPLIST_FILE = TabBarApp/Info.plist;
				LD_RUNPATH_SEARCH_PATHS = (
					"$(inherited)",
					"@executable_path/Frameworks",
				);
				PRODUCT_BUNDLE_IDENTIFIER = "by.I21-iOS.TabBarApp";
				PRODUCT_NAME = "$(TARGET_NAME)";
				SWIFT_VERSION = 5.0;
				TARGETED_DEVICE_FAMILY = "1,2";
			};
			name = Debug;
		};
		416203B9269DF7500060ABBC /* Release */ = {
			isa = XCBuildConfiguration;
			buildSettings = {
				ASSETCATALOG_COMPILER_APPICON_NAME = AppIcon;
				ASSETCATALOG_COMPILER_GLOBAL_ACCENT_COLOR_NAME = AccentColor;
				CODE_SIGN_STYLE = Automatic;
				DEVELOPMENT_TEAM = 5JPN6876WV;
				INFOPLIST_FILE = TabBarApp/Info.plist;
				LD_RUNPATH_SEARCH_PATHS = (
					"$(inherited)",
					"@executable_path/Frameworks",
				);
				PRODUCT_BUNDLE_IDENTIFIER = "by.I21-iOS.TabBarApp";
				PRODUCT_NAME = "$(TARGET_NAME)";
				SWIFT_VERSION = 5.0;
				TARGETED_DEVICE_FAMILY = "1,2";
			};
			name = Release;
		};
/* End XCBuildConfiguration section */

/* Begin XCConfigurationList section */
		4162039E269DF74E0060ABBC /* Build configuration list for PBXProject "TabBarApp" */ = {
			isa = XCConfigurationList;
			buildConfigurations = (
				416203B5269DF7500060ABBC /* Debug */,
				416203B6269DF7500060ABBC /* Release */,
			);
			defaultConfigurationIsVisible = 0;
			defaultConfigurationName = Release;
		};
		416203B7269DF7500060ABBC /* Build configuration list for PBXNativeTarget "TabBarApp" */ = {
			isa = XCConfigurationList;
			buildConfigurations = (
				416203B8269DF7500060ABBC /* Debug */,
				416203B9269DF7500060ABBC /* Release */,
			);
			defaultConfigurationIsVisible = 0;
			defaultConfigurationName = Release;
		};
/* End XCConfigurationList section */
	};
	rootObject = 4162039B269DF74E0060ABBC /* Project object */;
}
